hash: 17261839e40ff288eee2912959d1984b2ef3394dbfc54f40811f3be90b462a99
updated: 2019-04-24T11:30:59.922064851-04:00
imports:
- name: github.com/Azure/go-ansiterm
  version: d6e3b3328b783f23731bc4d058875b0371ff8109
  subpackages:
  - winterm
- name: github.com/beorn7/perks
  version: 3ac7bf7a47d159a033b107610db8a1b6575507a4
  subpackages:
  - quantile
- name: github.com/davecgh/go-spew
  version: 782f4967f2dc4564575ca782fe2d04090b5faca8
  subpackages:
  - spew
- name: github.com/docker/docker
  version: a9fbbdc8dd8794b20af358382ab780559bca589d
  subpackages:
  - pkg/term
  - pkg/term/windows
- name: github.com/evanphx/json-patch
  version: 5858425f75500d40c52783dce87d085a483ce135
- name: github.com/ghodss/yaml
  version: 73d445a93680fa1a78ae23a5839bad48f32ba1ee
- name: github.com/gobuffalo/envy
  version: 043cb4b8af871b49563291e32c66bb84378a60ac
- name: github.com/gogo/protobuf
  version: 342cbe0a04158f6dcb03ca0079991a51a4248c02
  subpackages:
  - gogoproto
  - proto
  - protoc-gen-gogo/descriptor
  - sortkeys
- name: github.com/golang/groupcache
  version: 02826c3e79038b59d737d3b1c0a1d937f71a4433
  subpackages:
  - lru
- name: github.com/golang/protobuf
  version: b4deda0973fb4c70b50d226b1af49f3da59f5265
  subpackages:
  - jsonpb
  - proto
  - ptypes
  - ptypes/any
  - ptypes/duration
  - ptypes/struct
  - ptypes/timestamp
- name: github.com/google/btree
  version: 7d79101e329e5a3adf994758c578dab82b90c017
- name: github.com/google/gofuzz
  version: 44d81051d367757e1c7c6a5a86423ece9afcf63c
- name: github.com/googleapis/gnostic
  version: 0c5108395e2debce0d731cf0287ddf7242066aba
  subpackages:
  - OpenAPIv2
  - compiler
  - extensions
- name: github.com/gregjones/httpcache
  version: 787624de3eb7bd915c329cba748687a3b22666a6
  subpackages:
  - diskcache
- name: github.com/imdario/mergo
  version: 9316a62528ac99aaecb4e47eadd6dc8aa6533d58
- name: github.com/inconshreveable/mousetrap
  version: 76626ae9c91c4f2a10f34cad8ce83ea42c93bb75
- name: github.com/joho/godotenv
  version: 5c0e6c6ab1a0a9ef0a8822cba3a05d62f7dad941
- name: github.com/json-iterator/go
  version: ab8a2e0c74be9d3be70b3184d9acc634935ded82
- name: github.com/markbates/inflect
  version: d582c680dc4d29c2279628ae00e743005bfcd4fe
- name: github.com/matttproud/golang_protobuf_extensions
  version: c12348ce28de40eed0136aa2b644d0ee0650e56c
  subpackages:
  - pbutil
- name: github.com/modern-go/concurrent
  version: bacd9c7ef1dd9b15be4a9909b8ac7a4e313eec94
- name: github.com/modern-go/reflect2
  version: 94122c33edd36123c84d5368cfb2b69df93a0ec8
- name: github.com/openshift/api
  version: 77b8897ec79a562e85920134fc65b63300c4d27a
  subpackages:
  - config/v1
  - operator/v1
- name: github.com/openshift/library-go
  version: 154bc7b4c75229c3554688c82eedc0efa5267b25
  subpackages:
  - cmd/crd-schema-gen/generator
  - pkg/assets
  - pkg/config/client
  - pkg/operator/events
  - pkg/operator/render
  - pkg/operator/render/options
  - pkg/operator/resource/resourcemerge
  - pkg/operator/resource/resourceread
  - pkg/operator/resource/retry
  - pkg/operator/staticpod/installerpod
- name: github.com/peterbourgon/diskv
  version: 5f041e8faa004a95c88a202771f4cc3e991971e6
- name: github.com/pkg/errors
  version: 645ef00459ed84a119197bfb8d8205042c6df63d
- name: github.com/prometheus/client_golang
  version: e7e903064f5e9eb5da98208bae10b475d4db0f8c
  subpackages:
  - prometheus
- name: github.com/prometheus/client_model
  version: fa8ad6fec33561be4280a8f0514318c79d7f6cb6
  subpackages:
  - go
- name: github.com/prometheus/common
  version: 13ba4ddd0caa9c28ca7b7bffe1dfa9ed8d5ef207
  subpackages:
  - expfmt
  - internal/bitbucket.org/ww/goautoneg
  - model
- name: github.com/prometheus/procfs
  version: 65c1f6f8f0fc1e2185eb9863a3bc751496404259
  subpackages:
  - xfs
- name: github.com/rogpeppe/go-internal
  version: 438578804ca6f31be148c27683afc419ce47c06e
  subpackages:
  - modfile
  - module
  - semver
- name: github.com/sirupsen/logrus
  version: 89742aefa4b206dcf400792f3bd35b542998eb3b
- name: github.com/spf13/afero
  version: 588a75ec4f32903aa5e39a2619ba6a4631e28424
  subpackages:
  - mem
- name: github.com/spf13/cobra
  version: c439c4fa093711d42e1b01acb1235b52004753c1
- name: github.com/spf13/pflag
  version: 583c0c0531f06d5278b7d917446061adc344b5cd
- name: golang.org/x/crypto
  version: de0752318171da717af4ce24d0a2e8626afaeb11
  subpackages:
  - bcrypt
  - blowfish
  - cryptobyte
  - cryptobyte/asn1
  - ed25519
  - ed25519/internal/edwards25519
  - internal/subtle
  - nacl/secretbox
  - poly1305
  - salsa20/salsa
  - ssh/terminal
- name: golang.org/x/net
  version: 0ed95abb35c445290478a5348a7b38bb154135fd
  subpackages:
  - context
  - http2
  - http2/hpack
  - idna
  - lex/httplex
- name: golang.org/x/oauth2
  version: a6bd8cefa1811bd24b86f8902872e4e8225f74c4
  subpackages:
  - internal
- name: golang.org/x/sys
  version: 95c6576299259db960f6c5b9b69ea52422860fce
  subpackages:
  - unix
  - windows
- name: golang.org/x/text
  version: b19bf474d317b857955b12035d2c5acb57ce8b01
  subpackages:
  - cases
  - internal
  - internal/tag
  - language
  - runes
  - secure/bidirule
  - secure/precis
  - transform
  - unicode/bidi
  - unicode/norm
  - width
- name: golang.org/x/time
  version: f51c12702a4d776e4c1fa9b0fabab841babae631
  subpackages:
  - rate
- name: golang.org/x/tools
  version: cb2dda6eabdf9160e66ca7293897f984154a7f8b
  subpackages:
  - go/ast/astutil
  - go/gcexportdata
  - go/internal/gcimporter
  - go/internal/packagesdriver
  - go/packages
  - imports
  - internal/fastwalk
  - internal/gopathwalk
  - internal/module
  - internal/semver
- name: google.golang.org/appengine
  version: 54a98f90d1c46b7731eb8fb305d2a321c30ef610
  subpackages:
  - internal
  - internal/base
  - internal/datastore
  - internal/log
  - internal/remote_api
  - internal/urlfetch
  - urlfetch
- name: gopkg.in/inf.v0
  version: 3887ee99ecf07df5b447e9b00d9c0b2adaa9f3e4
- name: gopkg.in/yaml.v2
  version: 670d4cfef0544295bc27a114dbac37980d83185a
- name: k8s.io/api
  version: 5cb15d34447165a97c76ed5a60e4e99c8a01ecfe
  subpackages:
  - admissionregistration/v1alpha1
  - admissionregistration/v1beta1
  - apps/v1
  - apps/v1beta1
  - apps/v1beta2
  - auditregistration/v1alpha1
  - authentication/v1
  - authentication/v1beta1
  - authorization/v1
  - authorization/v1beta1
  - autoscaling/v1
  - autoscaling/v2beta1
  - autoscaling/v2beta2
  - batch/v1
  - batch/v1beta1
  - batch/v2alpha1
  - certificates/v1beta1
  - coordination/v1beta1
  - core/v1
  - events/v1beta1
  - extensions/v1beta1
  - networking/v1
  - policy/v1beta1
  - rbac/v1
  - rbac/v1alpha1
  - rbac/v1beta1
  - scheduling/v1alpha1
  - scheduling/v1beta1
  - settings/v1alpha1
  - storage/v1
  - storage/v1alpha1
  - storage/v1beta1
- name: k8s.io/apiextensions-apiserver
  version: 3c74db8dd172051b029f91536c681a1b43694809
  repo: https://github.com/openshift/kubernetes-apiextensions-apiserver
  subpackages:
  - pkg/apis/apiextensions
  - pkg/apis/apiextensions/v1beta1
- name: k8s.io/apimachinery
  version: 86fb29eff6288413d76bd8506874fddd9fccdff0
  subpackages:
  - pkg/api/equality
  - pkg/api/errors
  - pkg/api/meta
  - pkg/api/resource
  - pkg/apis/meta/v1
  - pkg/apis/meta/v1/unstructured
  - pkg/apis/meta/v1beta1
  - pkg/conversion
  - pkg/conversion/queryparams
  - pkg/fields
  - pkg/labels
  - pkg/runtime
  - pkg/runtime/schema
  - pkg/runtime/serializer
  - pkg/runtime/serializer/json
  - pkg/runtime/serializer/protobuf
  - pkg/runtime/serializer/recognizer
  - pkg/runtime/serializer/streaming
  - pkg/runtime/serializer/versioning
  - pkg/selection
  - pkg/types
  - pkg/util/clock
  - pkg/util/errors
  - pkg/util/framer
  - pkg/util/intstr
  - pkg/util/json
  - pkg/util/mergepatch
  - pkg/util/naming
  - pkg/util/net
  - pkg/util/runtime
  - pkg/util/sets
  - pkg/util/strategicpatch
  - pkg/util/validation
  - pkg/util/validation/field
  - pkg/util/wait
  - pkg/util/yaml
  - pkg/version
  - pkg/watch
  - third_party/forked/golang/json
  - third_party/forked/golang/reflect
- name: k8s.io/apiserver
  version: 79427f02047f9189a75b8cdaadccaf65a126853e
  subpackages:
  - pkg/util/flag
  - pkg/util/logs
- name: k8s.io/client-go
  version: b40b2a5939e43f7ffe0028ad67586b7ce50bb675
  subpackages:
  - discovery
  - kubernetes
  - kubernetes/scheme
  - kubernetes/typed/admissionregistration/v1alpha1
  - kubernetes/typed/admissionregistration/v1beta1
  - kubernetes/typed/apps/v1
  - kubernetes/typed/apps/v1beta1
  - kubernetes/typed/apps/v1beta2
  - kubernetes/typed/auditregistration/v1alpha1
  - kubernetes/typed/authentication/v1
  - kubernetes/typed/authentication/v1beta1
  - kubernetes/typed/authorization/v1
  - kubernetes/typed/authorization/v1beta1
  - kubernetes/typed/autoscaling/v1
  - kubernetes/typed/autoscaling/v2beta1
  - kubernetes/typed/autoscaling/v2beta2
  - kubernetes/typed/batch/v1
  - kubernetes/typed/batch/v1beta1
  - kubernetes/typed/batch/v2alpha1
  - kubernetes/typed/certificates/v1beta1
  - kubernetes/typed/coordination/v1beta1
  - kubernetes/typed/core/v1
  - kubernetes/typed/events/v1beta1
  - kubernetes/typed/extensions/v1beta1
  - kubernetes/typed/networking/v1
  - kubernetes/typed/policy/v1beta1
  - kubernetes/typed/rbac/v1
  - kubernetes/typed/rbac/v1alpha1
  - kubernetes/typed/rbac/v1beta1
  - kubernetes/typed/scheduling/v1alpha1
  - kubernetes/typed/scheduling/v1beta1
  - kubernetes/typed/settings/v1alpha1
  - kubernetes/typed/storage/v1
  - kubernetes/typed/storage/v1alpha1
  - kubernetes/typed/storage/v1beta1
  - pkg/apis/clientauthentication
  - pkg/apis/clientauthentication/v1alpha1
  - pkg/apis/clientauthentication/v1beta1
  - pkg/version
  - plugin/pkg/client/auth/exec
  - rest
  - rest/watch
  - tools/auth
  - tools/clientcmd
  - tools/clientcmd/api
  - tools/clientcmd/api/latest
  - tools/clientcmd/api/v1
  - tools/metrics
  - tools/record
  - tools/reference
  - transport
  - util/cert
  - util/connrotation
  - util/flowcontrol
  - util/homedir
  - util/integer
  - util/retry
- name: k8s.io/gengo
  version: e17681d19d3ac4837a019ece36c2a0ec31ffe985
  subpackages:
  - args
  - generator
  - namer
  - parser
  - types
- name: k8s.io/klog
  version: 8139d8cb77af419532b33dfa7dd09fbc5f1d344f
- name: k8s.io/kube-openapi
  version: c59034cc13d587f5ef4e85ca0ade0c1866ae8e1d
  subpackages:
  - pkg/builder
  - pkg/common
  - pkg/handler
  - pkg/util
  - pkg/util/proto
- name: sigs.k8s.io/controller-tools
  version: 61258e1c31f7a84247fd608c0bda7274a50c2d67
  repo: https://github.com/openshift/kubernetes-sigs-controller-tools
  subpackages:
  - pkg/crd/generator
  - pkg/crd/util
  - pkg/internal/codegen
  - pkg/internal/codegen/parse
  - pkg/internal/general
  - pkg/util
- name: sigs.k8s.io/yaml
  version: fd68e9863619f6ec2fdd8625fe1f02e7c877e480
testImports: []
